lockfileVersion: '9.0'

settings:
  autoInstallPeers: true
  excludeLinksFromLockfile: false

importers:

  .:
    dependencies:
      '@napi-rs/canvas':
        specifier: ^1.0.6
        version: 1.0.6
      '@supabase/supabase-js':
        specifier: ^2.110.1
        version: 2.110.8
      '@types/katex':
        specifier: ^0.16.8
        version: 0.16.8
      jszip:
        specifier: ^3.10.1
        version: 3.10.1
      katex:
        specifier: ^0.17.0
        version: 0.17.0
      lucide-react:
        specifier: ^1.24.0
        version: 1.26.0(react@19.2.8)
      next:
        specifier: ^15.3.4
        version: 15.5.21(react-dom@19.2.8(react@19.2.8))(react@19.2.8)
      openai:
        specifier: ^6.45.0
        version: 6.48.0
      pdf-lib:
        specifier: ^1.17.1
        version: 1.17.1
      pdf-parse:
        specifier: ^2.4.5
        version: 2.4.5
      pdf2json:
        specifier: ^4.0.3
        version: 4.0.3
      react:
        specifier: ^19.0.0
        version: 19.2.8
      react-dom:
        specifier: ^19.0.0
        version: 19.2.8(react@19.2.8)
    devDependencies:
      '@0xsarwagya/ontoly-cli':
        specifier: 0.1.0-alpha.19
        version: 0.1.0-alpha.19
      '@types/node':
        specifier: ^22.15.32
        version: 22.20.1
      '@types/react':
        specifier: ^19.0.12
        version: 19.2.17
      '@types/react-dom':
        specifier: ^19.0.4
        version: 19.2.3(@types/react@19.2.17)
      typescript:
        specifier: ^5.8.3
        version: 5.9.3

packages:

  '@0xsarwagya/ontoly-analyzers@0.1.0-alpha.19':
    resolution: {integrity: sha512-usnXcs0H8Dg5YCC6E8aqyNNbw3PcthcBdOslfP7Et2JHYx4QfKoq2Rl2+xhr+OptJ1sXl/eloQ1CqDhSSQFGHQ==}
    engines: {node: '>=22.0.0', pnpm: '>=11.0.0'}

  '@0xsarwagya/ontoly-cache@0.1.0-alpha.19':
    resolution: {integrity: sha512-RkdJtuSfReRJdeOh1bPq7wbI7iNAshQdxJw9WCS5Sgc8qsNcDUXD1ZXJ2LYH7DJiHKvkgZii+3ahVT57Cxrz7A==}
    engines: {node: '>=22.0.0', pnpm: '>=11.0.0'}

  '@0xsarwagya/ontoly-capabilities@0.1.0-alpha.19':
    resolution: {integrity: sha512-Q+80yNzwVEFqYxJ+/zH2I69o+qLEvFbRrFF5Reqc7cv0ZCwyYLo4Lcv7fStrtf95+w5TyctWOpVH7stWcVSekw==}
    engines: {node: '>=22.0.0', pnpm: '>=11.0.0'}

  '@0xsarwagya/ontoly-cli@0.1.0-alpha.19':
    resolution: {integrity: sha512-ZPQmVKbDzrAoE7xFjHRLFSDqIkmDnFWZY1Brez2FCFlvdgm6L+nv88Wh6qL2nXvmX+dri2BaVMAc5ym1Kp+dlA==}
    engines: {node: '>=22.0.0', pnpm: '>=11.0.0'}
    hasBin: true

  '@0xsarwagya/ontoly-compiler@0.1.0-alpha.19':
    resolution: {integrity: sha512-e6UXgAU0J68Lf0O64jiYxbzvEUw2FcczUK6SlGA16e9bY8y6nYdqVcZSSJIvZ0Te6OpFU1iUwtbhbEwdepSfIg==}
    engines: {node: '>=22.0.0', pnpm: '>=11.0.0'}

  '@0xsarwagya/ontoly-core@0.1.0-alpha.19':
    resolution: {integrity: sha512-1jgJRmQ0r2HZMSgYztTSFTcMZcl+GMdr1NO3VQv3PhgvUYehUwe1ZPP7B6GckdpFg9rOlEqXn9IzphNxdK9h7g==}
    engines: {node: '>=22.0.0', pnpm: '>=11.0.0'}

  '@0xsarwagya/ontoly-diagnostics@0.1.0-alpha.19':
    resolution: {integrity: sha512-9a//KqA8pKaUrJqo5lfsOpAH6eLBMqvbV9+VU4sexpdycvINB4wMuUfvgdLoG9gVdwX1DYqjbYmBZXK3sf+U6w==}
    engines: {node: '>=22.0.0', pnpm: '>=11.0.0'}

  '@0xsarwagya/ontoly-enhancer-semantics@0.1.0-alpha.19':
    resolution: {integrity: sha512-LbWCprDPSzo/f0jXeAqs1h1csIt0b8LILpUI+BehZB63frrAmuFKEgRVnm7fLyzsE9/S7B94DlTOM2c6UUoowg==}
    engines: {node: '>=22.0.0', pnpm: '>=11.0.0'}

  '@0xsarwagya/ontoly-enhancer@0.1.0-alpha.19':
    resolution: {integrity: sha512-hpWAeuxrqkIoMHojUdqCVgWHA5xP2a1+yq/jJnwS5T01rgpdSNRfhrmf/Vr4wKsQEooa785s7pGYdaTm8BIejw==}
    engines: {node: '>=22.0.0', pnpm: '>=11.0.0'}

  '@0xsarwagya/ontoly-intelligence@0.1.0-alpha.19':
    resolution: {integrity: sha512-B99kMjFi+5bc4KKBHD3euG+KTEu1s1eMT0RZSOlWScxWCsAHbEArDMjvXq0Fwpij2i82rR03QBhWx+BpLRVfPw==}
    engines: {node: '>=22.0.0', pnpm: '>=11.0.0'}

  '@0xsarwagya/ontoly-mcp@0.1.0-alpha.19':
    resolution: {integrity: sha512-+4flw1e/NS2hOYoYYLGZOINV1iEws31jDgMjevIubLP4rPmIj5v9YJXreoX+vFlm9dCAY6+WAvWjGptV5ZQSyg==}
    engines: {node: '>=22.0.0', pnpm: '>=11.0.0'}

  '@0xsarwagya/ontoly-parser-openapi@0.1.0-alpha.19':
    resolution: {integrity: sha512-6PLO1q1gXopB+LveJWFlgpz5wg+LRM875BHJxbtFb137jzZbseYtnxGaHDFL2LFvEfB2wNhtD2yfEvFO7eQMjA==}
    engines: {node: '>=22.0.0', pnpm: '>=11.0.0'}

  '@0xsarwagya/ontoly-parser-typescript@0.1.0-alpha.19':
    resolution: {integrity: sha512-XMl228BiEYSMSlystg/AwMu5gUUI+iuLKNCaPD2irYF4bca7ZcwZKaLIirv8/Ksxj7gcN89MAENFB9/XybybIw==}
    engines: {node: '>=22.0.0', pnpm: '>=11.0.0'}

  '@0xsarwagya/ontoly-plugin-html@0.1.0-alpha.19':
    resolution: {integrity: sha512-OdCT9HnNoOFG0Lrq+y5+1ck3GrUcLCpWoCBaNJlh91keX5hPFT/pQpeHtFHUbAj6FWUmweF55MR9YJ+aOBPtWQ==}
    engines: {node: '>=22.0.0', pnpm: '>=11.0.0'}

  '@0xsarwagya/ontoly-query@0.1.0-alpha.19':
    resolution: {integrity: sha512-ORj51dEqJ8XIEeRQSzEyMast1u3bmGOgn0XGWGxzrNEBY6CMvyBfgIxSJlM9s4v6lRGqQfrd3aW+SWhNRJC+hQ==}
    engines: {node: '>=22.0.0', pnpm: '>=11.0.0'}

  '@0xsarwagya/ontoly-semantic@0.1.0-alpha.19':
    resolution: {integrity: sha512-BFx4Ap5euBJflRAS5YUe2AdwlA0tY4dWLilaAEYryX+a82Ux3Zv7v2elOsD+5HhjCij7DpUjrBZ38+ZfMyWkpw==}
    engines: {node: '>=22.0.0', pnpm: '>=11.0.0'}

  '@0xsarwagya/ontoly-typescript@0.1.0-alpha.19':
    resolution: {integrity: sha512-35K1aVDCnqVoTVzxtNsClNuVbxH0Hw70DoARPJHrSTMEPR8wpzJ2QkHqC3KgeE4ZPTYJLjqPstDVo2cc0vkWYw==}
    engines: {node: '>=22.0.0', pnpm: '>=11.0.0'}

  '@emnapi/runtime@1.11.2':
    resolution: {integrity: sha512-kyOl3X0DuTiT1h2ft8r2fYO8JYtU9a9Xis/zBSiGArNaagCOWx90N1k2wxp18czFDH+OgcWGb5ZP/XMt3dcyPA==}

  '@img/colour@1.1.0':
    resolution: {integrity: sha512-Td76q7j57o/tLVdgS746cYARfSyxk8iEfRxewL9h4OMzYhbW4TAcppl0mT4eyqXddh6L/jwoM75mo7ixa/pCeQ==}
    engines: {node: '>=18'}

  '@img/sharp-darwin-arm64@0.34.5':
    resolution: {integrity: sha512-imtQ3WMJXbMY4fxb/Ndp6HBTNVtWCUI0WdobyheGf5+ad6xX8VIDO8u2xE4qc/fr08CKG/7dDseFtn6M6g/r3w==}
    engines: {node: ^18.17.0 || ^20.3.0 || >=21.0.0}
    cpu: [arm64]
    os: [darwin]

  '@img/sharp-darwin-x64@0.34.5':
    resolution: {integrity: sha512-YNEFAF/4KQ/PeW0N+r+aVVsoIY0/qxxikF2SWdp+NRkmMB7y9LBZAVqQ4yhGCm/H3H270OSykqmQMKLBhBJDEw==}
    engines: {node: ^18.17.0 || ^20.3.0 || >=21.0.0}
    cpu: [x64]
    os: [darwin]

  '@img/sharp-libvips-darwin-arm64@1.2.4':
    resolution: {integrity: sha512-zqjjo7RatFfFoP0MkQ51jfuFZBnVE2pRiaydKJ1G/rHZvnsrHAOcQALIi9sA5co5xenQdTugCvtb1cuf78Vf4g==}
    cpu: [arm64]
    os: [darwin]

  '@img/sharp-libvips-darwin-x64@1.2.4':
    resolution: {integrity: sha512-1IOd5xfVhlGwX+zXv2N93k0yMONvUlANylbJw1eTah8K/Jtpi15KC+WSiaX/nBmbm2HxRM1gZ0nSdjSsrZbGKg==}
    cpu: [x64]
    os: [darwin]

  '@img/sharp-libvips-linux-arm64@1.2.4':
    resolution: {integrity: sha512-excjX8DfsIcJ10x1Kzr4RcWe1edC9PquDRRPx3YVCvQv+U5p7Yin2s32ftzikXojb1PIFc/9Mt28/y+iRklkrw==}
    cpu: [arm64]
    os: [linux]
    libc: [glibc]

  '@img/sharp-libvips-linux-arm@1.2.4':
    resolution: {integrity: sha512-bFI7xcKFELdiNCVov8e44Ia4u2byA+l3XtsAj+Q8tfCwO6BQ8iDojYdvoPMqsKDkuoOo+X6HZA0s0q11ANMQ8A==}
    cpu: [arm]
    os: [linux]
    libc: [glibc]

  '@img/sharp-libvips-linux-ppc64@1.2.4':
    resolution: {integrity: sha512-FMuvGijLDYG6lW+b/UvyilUWu5Ayu+3r2d1S8notiGCIyYU/76eig1UfMmkZ7vwgOrzKzlQbFSuQfgm7GYUPpA==}
    cpu: [ppc64]
    os: [linux]
    libc: [glibc]

  '@img/sharp-libvips-linux-riscv64@1.2.4':
    resolution: {integrity: sha512-oVDbcR4zUC0ce82teubSm+x6ETixtKZBh/qbREIOcI3cULzDyb18Sr/Wcyx7NRQeQzOiHTNbZFF1UwPS2scyGA==}
    cpu: [riscv64]
    os: [linux]
    libc: [glibc]

  '@img/sharp-libvips-linux-s390x@1.2.4':
    resolution: {integrity: sha512-qmp9VrzgPgMoGZyPvrQHqk02uyjA0/QrTO26Tqk6l4ZV0MPWIW6LTkqOIov+J1yEu7MbFQaDpwdwJKhbJvuRxQ==}
    cpu: [s390x]
    os: [linux]
    libc: [glibc]

  '@img/sharp-libvips-linux-x64@1.2.4':
    resolution: {integrity: sha512-tJxiiLsmHc9Ax1bz3oaOYBURTXGIRDODBqhveVHonrHJ9/+k89qbLl0bcJns+e4t4rvaNBxaEZsFtSfAdquPrw==}
    cpu: [x64]
    os: [linux]
    libc: [glibc]

  '@img/sharp-libvips-linuxmusl-arm64@1.2.4':
    resolution: {integrity: sha512-FVQHuwx1IIuNow9QAbYUzJ+En8KcVm9Lk5+uGUQJHaZmMECZmOlix9HnH7n1TRkXMS0pGxIJokIVB9SuqZGGXw==}
    cpu: [arm64]
    os: [linux]
    libc: [musl]

  '@img/sharp-libvips-linuxmusl-x64@1.2.4':
    resolution: {integrity: sha512-+LpyBk7L44ZIXwz/VYfglaX/okxezESc6UxDSoyo2Ks6Jxc4Y7sGjpgU9s4PMgqgjj1gZCylTieNamqA1MF7Dg==}
    cpu: [x64]
    os: [linux]
    libc: [musl]

  '@img/sharp-linux-arm64@0.34.5':
    resolution: {integrity: sha512-bKQzaJRY/bkPOXyKx5EVup7qkaojECG6NLYswgktOZjaXecSAeCWiZwwiFf3/Y+O1HrauiE3FVsGxFg8c24rZg==}
    engines: {node: ^18.17.0 || ^20.3.0 || >=21.0.0}
    cpu: [arm64]
    os: [linux]
    libc: [glibc]

  '@img/sharp-linux-arm@0.34.5':
    resolution: {integrity: sha512-9dLqsvwtg1uuXBGZKsxem9595+ujv0sJ6Vi8wcTANSFpwV/GONat5eCkzQo/1O6zRIkh0m/8+5BjrRr7jDUSZw==}
    engines: {node: ^18.17.0 || ^20.3.0 || >=21.0.0}
    cpu: [arm]
    os: [linux]
    libc: [glibc]

  '@img/sharp-linux-ppc64@0.34.5':
    resolution: {integrity: sha512-7zznwNaqW6YtsfrGGDA6BRkISKAAE1Jo0QdpNYXNMHu2+0dTrPflTLNkpc8l7MUP5M16ZJcUvysVWWrMefZquA==}
    engines: {node: ^18.17.0 || ^20.3.0 || >=21.0.0}
    cpu: [ppc64]
    os: [linux]
    libc: [glibc]

  '@img/sharp-linux-riscv64@0.34.5':
    resolution: {integrity: sha512-51gJuLPTKa7piYPaVs8GmByo7/U7/7TZOq+cnXJIHZKavIRHAP77e3N2HEl3dgiqdD/w0yUfiJnII77PuDDFdw==}
    engines: {node: ^18.17.0 || ^20.3.0 || >=21.0.0}
    cpu: [riscv64]
    os: [linux]
    libc: [glibc]

  '@img/sharp-linux-s390x@0.34.5':
    resolution: {integrity: sha512-nQtCk0PdKfho3eC5MrbQoigJ2gd1CgddUMkabUj+rBevs8tZ2cULOx46E7oyX+04WGfABgIwmMC0VqieTiR4jg==}
    engines: {node: ^18.17.0 || ^20.3.0 || >=21.0.0}
    cpu: [s390x]
    os: [linux]
    libc: [glibc]

  '@img/sharp-linux-x64@0.34.5':
    resolution: {integrity: sha512-MEzd8HPKxVxVenwAa+JRPwEC7QFjoPWuS5NZnBt6B3pu7EG2Ge0id1oLHZpPJdn3OQK+BQDiw9zStiHBTJQQQQ==}
    engines: {node: ^18.17.0 || ^20.3.0 || >=21.0.0}
    cpu: [x64]
    os: [linux]
    libc: [glibc]

  '@img/sharp-linuxmusl-arm64@0.34.5':
    resolution: {integrity: sha512-fprJR6GtRsMt6Kyfq44IsChVZeGN97gTD331weR1ex1c1rypDEABN6Tm2xa1wE6lYb5DdEnk03NZPqA7Id21yg==}
    engines: {node: ^18.17.0 || ^20.3.0 || >=21.0.0}
    cpu: [arm64]
    os: [linux]
    libc: [musl]

  '@img/sharp-linuxmusl-x64@0.34.5':
    resolution: {integrity: sha512-Jg8wNT1MUzIvhBFxViqrEhWDGzqymo3sV7z7ZsaWbZNDLXRJZoRGrjulp60YYtV4wfY8VIKcWidjojlLcWrd8Q==}
    engines: {node: ^18.17.0 || ^20.3.0 || >=21.0.0}
    cpu: [x64]
    os: [linux]
    libc: [musl]

  '@img/sharp-wasm32@0.34.5':
    resolution: {integrity: sha512-OdWTEiVkY2PHwqkbBI8frFxQQFekHaSSkUIJkwzclWZe64O1X4UlUjqqqLaPbUpMOQk6FBu/HtlGXNblIs0huw==}
    engines: {node: ^18.17.0 || ^20.3.0 || >=21.0.0}
    cpu: [wasm32]

  '@img/sharp-win32-arm64@0.34.5':
    resolution: {integrity: sha512-WQ3AgWCWYSb2yt+IG8mnC6Jdk9Whs7O0gxphblsLvdhSpSTtmu69ZG1Gkb6NuvxsNACwiPV6cNSZNzt0KPsw7g==}
    engines: {node: ^18.17.0 || ^20.3.0 || >=21.0.0}
    cpu: [arm64]
    os: [win32]

  '@img/sharp-win32-ia32@0.34.5':
    resolution: {integrity: sha512-FV9m/7NmeCmSHDD5j4+4pNI8Cp3aW+JvLoXcTUo0IqyjSfAZJ8dIUmijx1qaJsIiU+Hosw6xM5KijAWRJCSgNg==}
    engines: {node: ^18.17.0 || ^20.3.0 || >=21.0.0}
    cpu: [ia32]
    os: [win32]

  '@img/sharp-win32-x64@0.34.5':
    resolution: {integrity: sha512-+29YMsqY2/9eFEiW93eqWnuLcWcufowXewwSNIT6UwZdUUCrM3oFjMWH/Z6/TMmb4hlFenmfAVbpWeup2jryCw==}
    engines: {node: ^18.17.0 || ^20.3.0 || >=21.0.0}
    cpu: [x64]
    os: [win32]

  '@napi-rs/canvas-android-arm64@0.1.80':
    resolution: {integrity: sha512-sk7xhN/MoXeuExlggf91pNziBxLPVUqF2CAVnB57KLG/pz7+U5TKG8eXdc3pm0d7Od0WreB6ZKLj37sX9muGOQ==}
    engines: {node: '>= 10'}
    cpu: [arm64]
    os: [android]

  '@napi-rs/canvas-android-arm64@1.0.6':
    resolution: {integrity: sha512-CZUmZEyN/cmSN1OhRJ44vBE6xyb5ekBbsIF8dqNgizbnAiHSFNi8eAA4oyyIAe5KzJ72K16OKC2lAynZLhv32Q==}
    engines: {node: '>= 10'}
    cpu: [arm64]
    os: [android]

  '@napi-rs/canvas-darwin-arm64@0.1.80':
    resolution: {integrity: sha512-O64APRTXRUiAz0P8gErkfEr3lipLJgM6pjATwavZ22ebhjYl/SUbpgM0xcWPQBNMP1n29afAC/Us5PX1vg+JNQ==}
    engines: {node: '>= 10'}
    cpu: [arm64]
    os: [darwin]

  '@napi-rs/canvas-darwin-arm64@1.0.6':
    resolution: {integrity: sha512-FGJsIngRfS9LDaX4t/lFthqn2Km6b61ONzjJFC6+yuabL1NgaK7x0fwrj8276OQFkjCvSpJZ7+CeZWgcy03F2w==}
    engines: {node: '>= 10'}
    cpu: [arm64]
    os: [darwin]

  '@napi-rs/canvas-darwin-x64@0.1.80':
    resolution: {integrity: sha512-FqqSU7qFce0Cp3pwnTjVkKjjOtxMqRe6lmINxpIZYaZNnVI0H5FtsaraZJ36SiTHNjZlUB69/HhxNDT1Aaa9vA==}
    engines: {node: '>= 10'}
    cpu: [x64]
    os: [darwin]

  '@napi-rs/canvas-darwin-x64@1.0.6':
    resolution: {integrity: sha512-wLDrtfX9V4bu6O55/WwGvPVCjfunL2bEm59lzIFk9ZQOt7oJrPzdx/ytZiQr6bMZ9XOFwvXujszYtpoCK7yUbg==}
    engines: {node: '>= 10'}
    cpu: [x64]
    os: [darwin]

  '@napi-rs/canvas-linux-arm-gnueabihf@0.1.80':
    resolution: {integrity: sha512-eyWz0ddBDQc7/JbAtY4OtZ5SpK8tR4JsCYEZjCE3dI8pqoWUC8oMwYSBGCYfsx2w47cQgQCgMVRVTFiiO38hHQ==}
    engines: {node: '>= 10'}
    cpu: [arm]
    os: [linux]

  '@napi-rs/canvas-linux-arm-gnueabihf@1.0.6':
    resolution: {integrity: sha512-8TllEP/9UPDVxrBN/tnbGBsxxwG8Eo2tgyW8wDy+Gi9rm9si2I6MsDv9MlfI3a7JOuzkBcurHYDHZxwLgzAIdA==}
    engines: {node: '>= 10'}
    cpu: [arm]
    os: [linux]

  '@napi-rs/canvas-linux-arm64-gnu@0.1.80':
    resolution: {integrity: sha512-qwA63t8A86bnxhuA/GwOkK3jvb+XTQaTiVML0vAWoHyoZYTjNs7BzoOONDgTnNtr8/yHrq64XXzUoLqDzU+Uuw==}
    engines: {node: '>= 10'}
    cpu: [arm64]
    os: [linux]
    libc: [glibc]

  '@napi-rs/canvas-linux-arm64-gnu@1.0.6':
    resolution: {integrity: sha512-YF15AKoGrgU7aoA03CR+cATCRPQcVt6L14Lb/a9hqK7pT7/DhIkqh4qyl+a2GLfqx++yIIJfBuZ3sHM3zlXM1Q==}
    engines: {node: '>= 10'}
    cpu: [arm64]
    os: [linux]
    libc: [glibc]

  '@napi-rs/canvas-linux-arm64-musl@0.1.80':
    resolution: {integrity: sha512-1XbCOz/ymhj24lFaIXtWnwv/6eFHXDrjP0jYkc6iHQ9q8oXKzUX1Lc6bu+wuGiLhGh2GS/2JlfORC5ZcXimRcg==}
    engines: {node: '>= 10'}
    cpu: [arm64]
    os: [linux]
    libc: [musl]

  '@napi-rs/canvas-linux-arm64-musl@1.0.6':
    resolution: {integrity: sha512-zXeVWNFpj720HZln0bfAs+1/nP3Wy6Z5hUw60UJu+cvgips5jZtuX2+EjDHFk98q3BY35GaE1TQLwE9S244vPA==}
    engines: {node: '>= 10'}
    cpu: [arm64]
    os: [linux]
    libc: [musl]

  '@napi-rs/canvas-linux-riscv64-gnu@0.1.80':
    resolution: {integrity: sha512-XTzR125w5ZMs0lJcxRlS1K3P5RaZ9RmUsPtd1uGt+EfDyYMu4c6SEROYsxyatbbu/2+lPe7MPHOO/0a0x7L/gw==}
    engines: {node: '>= 10'}
    cpu: [riscv64]
    os: [linux]
    libc: [glibc]

  '@napi-rs/canvas-linux-riscv64-gnu@1.0.6':
    resolution: {integrity: sha512-kvy1Ypq4ODEI2WRNGvs588qTMcWCjlEIuZRyW8JXpiBnMUirgxQukIDFVDQEcrLlHP5cqZ9cvvfOkBJ7koOktA==}
    engines: {node: '>= 10'}
    cpu: [riscv64]
    os: [linux]
    libc: [glibc]

  '@napi-rs/canvas-linux-x64-gnu@0.1.80':
    resolution: {integrity: sha512-BeXAmhKg1kX3UCrJsYbdQd3hIMDH/K6HnP/pG2LuITaXhXBiNdh//TVVVVCBbJzVQaV5gK/4ZOCMrQW9mvuTqA==}
    engines: {node: '>= 10'}
    cpu: [x64]
    os: [linux]
    libc: [glibc]

  '@napi-rs/canvas-linux-x64-gnu@1.0.6':
    resolution: {integrity: sha512-czHnfLgSCl48iluS6bNrytGYhsbSTUuIvMucAwO0mPEj1uhkHk6SUiRI0xoqv0PSFzpGFfSnQvFpm7vV+tDO+A==}
    engines: {node: '>= 10'}
    cpu: [x64]
    os: [linux]
    libc: [glibc]

  '@napi-rs/canvas-linux-x64-musl@0.1.80':
    resolution: {integrity: sha512-x0XvZWdHbkgdgucJsRxprX/4o4sEed7qo9rCQA9ugiS9qE2QvP0RIiEugtZhfLH3cyI+jIRFJHV4Fuz+1BHHMg==}
    engines: {node: '>= 10'}
    cpu: [x64]
    os: [linux]
    libc: [musl]

  '@napi-rs/canvas-linux-x64-musl@1.0.6':
    resolution: {integrity: sha512-afsg6GyfUx8qZzjsywjimXUEWcSWETY5F80hmMb2FWVSXkRbor8IpftY2gXnasq+Y42Xug/76qTHwqvti7HRTw==}
    engines: {node: '>= 10'}
    cpu: [x64]
    os: [linux]
    libc: [musl]

  '@napi-rs/canvas-win32-arm64-msvc@1.0.6':
    resolution: {integrity: sha512-byzha357piy0wgK6IZOQtU4plpt94f6CxHFS7LhJpWYrDWWT/AitQNxRMfCNNaQHZXUB3BwNhQSfH2RpiZ0WaQ==}
    engines: {node: '>= 10'}
    cpu: [arm64]
    os: [win32]

  '@napi-rs/canvas-win32-x64-msvc@0.1.80':
    resolution: {integrity: sha512-Z8jPsM6df5V8B1HrCHB05+bDiCxjE9QA//3YrkKIdVDEwn5RKaqOxCJDRJkl48cJbylcrJbW4HxZbTte8juuPg==}
    engines: {node: '>= 10'}
    cpu: [x64]
    os: [win32]

  '@napi-rs/canvas-win32-x64-msvc@1.0.6':
    resolution: {integrity: sha512-gWLOgKGZz3hZhzg49q2PJIURwy2pCWh1zvNFXmLO1yineOPhEpoL3EV6/VIjOiKa1l2P6ieP12Eo385u1MLLVQ==}
    engines: {node: '>= 10'}
    cpu: [x64]
    os: [win32]

  '@napi-rs/canvas@0.1.80':
    resolution: {integrity: sha512-DxuT1ClnIPts1kQx8FBmkk4BQDTfI5kIzywAaMjQSXfNnra5UFU9PwurXrl+Je3bJ6BGsp/zmshVVFbCmyI+ww==}
    engines: {node: '>= 10'}

  '@napi-rs/canvas@1.0.6':
    resolution: {integrity: sha512-Ud4d0jLr9vSaakvfOTIjgP3hoY8kMIYgHC4mtE4L0bP3St9lf6TyCVsInvFIOEofzcUeMfDydHDy8Fs2WuWz+A==}
    engines: {node: '>= 10'}

  '@next/env@15.5.21':
    resolution: {integrity: sha512-hjJI/GfrjWHgNguRIBzItjRRu0m3Nrz17GhxsjuHfjIvg9hyg3239REd2dpI+bpMTFuVrVprHzEQ19m++cDtbw==}

  '@next/swc-darwin-arm64@15.5.21':
    resolution: {integrity: sha512-ZfjqPEdi6TRC/fWx7UDbwb1fbVgyh2uD5tVTRKIDZDlYM+UNuE/LafDG2fwuAoZilADpABh46OY/F5qf9JjqLQ==}
    engines: {node: '>= 10'}
    cpu: [arm64]
    os: [darwin]

  '@next/swc-darwin-x64@15.5.21':
    resolution: {integrity: sha512-TlCf1NpxgQLzTrexuev75xwmNCJMd1/qkJpTVP1GRRcih93hlIBn1P72hkh8T0gnRFr6BmWksQtbyG3jT6jnww==}
    engines: {node: '>= 10'}
    cpu: [x64]
    os: [darwin]

  '@next/swc-linux-arm64-gnu@15.5.21':
    resolution: {integrity: sha512-LXRsq1p+HvHSi7ygwNcSEEcK0zuo5jS75ZlqFHtOH+LF7qntXAJVJxah+1Pi/GyBm7EpkwU7m4EgbvIKrMqm9A==}
    engines: {node: '>= 10'}
    cpu: [arm64]
    os: [linux]
    libc: [glibc]

  '@next/swc-linux-arm64-musl@15.5.21':
    resolution: {integrity: sha512-hyGixhFxpDKjqoev6l4KlcRBlt9AXWrGhDZwmwg49sMJM5tnKQPSi+SEj9+e5n+l/bthRGZUdh59GKIs6lQPRw==}
    engines: {node: '>= 10'}
    cpu: [arm64]
    os: [linux]
    libc: [musl]

  '@next/swc-linux-x64-gnu@15.5.21':
    resolution: {integrity: sha512-qfE+YfOba6S2+13e8qn1/UozDVNZ2clBlrs8UtDoax4s8ediu6sq93z66OEHUYlb69Tffh5JTNkgtsAKiSuugg==}
    engines: {node: '>= 10'}
    cpu: [x64]
    os: [linux]
    libc: [glibc]

  '@next/swc-linux-x64-musl@15.5.21':
    resolution: {integrity: sha512-BXLGG+EvIwp/Rrgl6HY8sqvD6BOUOIRz8/naDbeLNX7mlA5H2XRcL6MW/0IGnJISfj5BA9gNhFyJj5yOoiIDJQ==}
    engines: {node: '>= 10'}
    cpu: [x64]
    os: [linux]
    libc: [musl]

  '@next/swc-win32-arm64-msvc@15.5.21':
    resolution: {integrity: sha512-tNGNOlT0Wn7E4IMsSnufjXN/l2L2/AGdLLpa2vzS89SYCBuihgLn3ngLsIrvndAnWo9nAkus+4gZHTI/Ijx9HA==}
    engines: {node: '>= 10'}
    cpu: [arm64]
    os: [win32]

  '@next/swc-win32-x64-msvc@15.5.21':
    resolution: {integrity: sha512-DmIdWmC9p4rdNIiQqo8ap0+Cnj6kKtTZnuSCxoYydSc8sgpDgAg9wFhxplunak9imLV0pTvc5WVCOHwm5eHLtQ==}
    engines: {node: '>= 10'}
    cpu: [x64]
    os: [win32]

  '@pdf-lib/standard-fonts@1.0.0':
    resolution: {integrity: sha512-hU30BK9IUN/su0Mn9VdlVKsWBS6GyhVfqjwl1FjZN4TxP6cCw0jP2w7V3Hf5uX7M0AZJ16vey9yE0ny7Sa59ZA==}

  '@pdf-lib/upng@1.0.1':
    resolution: {integrity: sha512-dQK2FUMQtowVP00mtIksrlZhdFXQZPC+taih1q4CvPZ5vqdxR/LKBaFg0oAfzd1GlHZXXSPdQfzQnt+ViGvEIQ==}

  '@supabase/auth-js@2.110.8':
    resolution: {integrity: sha512-TQ5neTUDX2C2WmyYa03yGhLMkhdE/SkHXtK8/qxO/APUy3rsymsJCBP48p4jcN6iO2G0ow6RRexQd2mX+dSyJg==}
    engines: {node: '>=22.0.0'}

  '@supabase/functions-js@2.110.8':
    resolution: {integrity: sha512-5yB9TLYzvv2oSQxwb0gamEvIAsuH66pVt7AM/pz03S7wN6ehD34GNgbShrccetqPedXQSz7e/1hAJ9NeEhoZVg==}
    engines: {node: '>=22.0.0'}

  '@supabase/phoenix@0.4.5':
    resolution: {integrity: sha512-aAn9H9ovVyeApKy11OWOrrOGq8DV68yWeH4ud2lN9fzn4aO8Zb5GLL9m1pUg9nLqIcT+ZDfAcsZe0E/nqdv2lw==}

  '@supabase/postgrest-js@2.110.8':
    resolution: {integrity: sha512-QeRROxl1PpOZw5Jzi7BwdN9icsycMrLlCCvsjS0hYLW+nZoaT46zdagz/glJirj8jHF4jSd5Jyipuae2cBClCw==}
    engines: {node: '>=22.0.0'}

  '@supabase/realtime-js@2.110.8':
    resolution: {integrity: sha512-mwX7ituX6O31fLf+0g65rpLlNxqgnMaPltPsQwzox6jfmbfVl3tCxXrfr3HEsQcCRjpjuJG1+A0vFzP1yVjKHA==}
    engines: {node: '>=22.0.0'}

  '@supabase/storage-js@2.110.8':
    resolution: {integrity: sha512-CcfhkZFBLxsthgUabZKxwfsoXdrikIGsL3LsGoV3FZTqCMx/s1y49taT4jT/oya5+1IuB0sFFHw6pF0o0iJniQ==}
    engines: {node: '>=22.0.0'}

  '@supabase/supabase-js@2.110.8':
    resolution: {integrity: sha512-E5qzoe74zhJRv4wRcbO9eMYzeQDb/+h6c603pL8shcxLGBjTKsIF7XXj05IcNj23TLDgJN1WkMw7mwAPyu5dZg==}
    engines: {node: '>=22.0.0'}

  '@swc/helpers@0.5.15':
    resolution: {integrity: sha512-JQ5TuMi45Owi4/BIMAJBoSQoOJu12oOk/gADqlcUL9JEdHB8vyjUSsxqeNXnmXHjYKMi2WcYtezGEEhqUI/E2g==}

  '@types/katex@0.16.8':
    resolution: {integrity: sha512-trgaNyfU+Xh2Tc+ABIb44a5AYUpicB3uwirOioeOkNPPbmgRNtcWyDeeFRzjPZENO9Vq8gvVqfhaaXWLlevVwg==}

  '@types/node@22.20.1':
    resolution: {integrity: sha512-EANqOCF9QFyra+4pfxUcX9STKJpCLjMbObVzljIJomAWSnuSIEAvyzEU53GaajbXJEgdh0iEcPL+DGvpUd4k1Q==}

  '@types/react-dom@19.2.3':
    resolution: {integrity: sha512-jp2L/eY6fn+KgVVQAOqYItbF0VY/YApe5Mz2F0aykSO8gx31bYCZyvSeYxCHKvzHG5eZjc+zyaS5BrBWya2+kQ==}
    peerDependencies:
      '@types/react': ^19.2.0

  '@types/react@19.2.17':
    resolution: {integrity: sha512-MXfmqaVPEVgkBT/aY0aGCkRWWtByiYQXo3xdQ8r5RzuFrPiRn8Gar2tQdXSUQ2GKV3bkXckek89V8wQBY2Q/Aw==}

  caniuse-lite@1.0.30001806:
    resolution: {integrity: sha512-72Cuvd95zbSYPKq6Fhg8eDJRlzgWDf7/mtoZv6Qe/DYNCEBdNxoA3+rZAU2ZhGCpZlns3EssFavaZomckT5Uuw==}

  client-only@0.0.1:
    resolution: {integrity: sha512-IV3Ou0jSMzZrd3pZ48nLkT9DA7Ag1pnPzaiQhpW7c3RbcqqzvzzVu+L8gfqMp/8IM2MQtSiqaCxrrcfu8I8rMA==}

  commander@8.3.0:
    resolution: {integrity: sha512-OkTL9umf+He2DZkUq8f8J9of7yL6RJKI24dVITBmNfZBmri9zYZQrKkuXiKhyfPSu8tUhnVBB1iKXevvnlR4Ww==}
    engines: {node: '>= 12'}

  core-util-is@1.0.3:
    resolution: {integrity: sha512-ZQBvi1DcpJ4GDqanjucZ2Hj3wEO5pZDS89BWbkcrvdxksJorwUDDZamX9ldFkp9aw2lmBDLgkObEA4DWNJ9FYQ==}

  csstype@3.2.3:
    resolution: {integrity: sha512-z1HGKcYy2xA8AGQfwrn0PAy+PB7X/GSj3UVJW9qKyn43xWa+gl5nXmU4qqLMRzWVLFC8KusUX8T/0kCiOYpAIQ==}

  detect-libc@2.1.2:
    resolution: {integrity: sha512-Btj2BOOO83o3WyH59e8MgXsxEQVcarkUOpEYrubB0urwnN10yQ364rsiByU11nZlqWYZm05i/of7io4mzihBtQ==}
    engines: {node: '>=8'}

  iceberg-js@0.8.1:
    resolution: {integrity: sha512-1dhVQZXhcHje7798IVM+xoo/1ZdVfzOMIc8/rgVSijRK38EDqOJoGula9N/8ZI5RD8QTxNQtK/Gozpr+qUqRRA==}
    engines: {node: '>=20.0.0'}

  immediate@3.0.6:
    resolution: {integrity: sha512-XXOFtyqDjNDAQxVfYxuF7g9Il/IbWmmlQg2MYKOH8ExIT1qg6xc4zyS3HaEEATgs1btfzxq15ciUiY7gjSXRGQ==}

  inherits@2.0.4:
    resolution: {integrity: sha512-k/vGaX4/Yla3WzyMCvTQOXYeIHvqOKtnqBduzTHpzpQZzAskKMhZ2K+EnBiSM9zGSoIFeMpXKxa4dYeZIQqewQ==}

  isarray@1.0.0:
    resolution: {integrity: sha512-VLghIWNM6ELQzo7zwmcg0NmTVyWKYjvIeM83yjp0wRDTmUnrM678fQbcKBo6n2CJEF0szoG//ytg+TKla89ALQ==}

  jszip@3.10.1:
    resolution: {integrity: sha512-xXDvecyTpGLrqFrvkrUSoxxfJI5AH7U8zxxtVclpsUtMCq4JQ290LY8AW5c7Ggnr/Y/oK+bQMbqK2qmtk3pN4g==}

  katex@0.17.0:
    resolution: {integrity: sha512-Vdw0ATsQ9V+LuegM/BTwQqV/6cTl5lbGcIrU+BCgLxyf6bo38ybOr372tuSIxir3CN720flu1meYR6XzNMwQnw==}
    hasBin: true

  lie@3.3.0:
    resolution: {integrity: sha512-UaiMJzeWRlEujzAuw5LokY1L5ecNQYZKfmyZ9L7wDHb/p5etKaxXhohBcrw0EYby+G/NA52vRSN4N39dxHAIwQ==}

  lucide-react@1.26.0:
    resolution: {integrity: sha512-raglYVR2+VkMfJL158krjVmE+rV5ST2lzA/KQm1FRSjMHT4MnWaegHxoVEpmc2So3nOEhp9oGejJwAPX8MoAjg==}
    peerDependencies:
      react: ^16.5.1 || ^17.0.0 || ^18.0.0 || ^19.0.0

  nanoid@3.3.16:
    resolution: {integrity: sha512-bzlKTyNJ7+LdGIIwy8ijFpIqEQIvafahV7eYykJ8Cvh42EdJeODoJ6gUJXpQJvej1BddH8OqTXZNE/KfbWAu8Q==}
    engines: {node: ^10 || ^12 || ^13.7 || ^14 || >=15.0.1}
    hasBin: true

  next@15.5.21:
    resolution: {integrity: sha512-/TsdBtkWLhkl+NVL3Uqws2UphNd6IPzOtzSk1fHaf+0P7GQKLZDUytyhns/Ykbzdy9+YRjwG7ONvrHaaTDdFqQ==}
    engines: {node: ^18.18.0 || ^19.8.0 || >= 20.0.0}
    hasBin: true
    peerDependencies:
      '@opentelemetry/api': ^1.1.0
      '@playwright/test': ^1.51.1
      babel-plugin-react-compiler: '*'
      react: ^18.2.0 || 19.0.0-rc-de68d2f4-20241204 || ^19.0.0
      react-dom: ^18.2.0 || 19.0.0-rc-de68d2f4-20241204 || ^19.0.0
      sass: ^1.3.0
    peerDependenciesMeta:
      '@opentelemetry/api':
        optional: true
      '@playwright/test':
        optional: true
      babel-plugin-react-compiler:
        optional: true
      sass:
        optional: true

  openai@6.48.0:
    resolution: {integrity: sha512-KhVp+FyV50QrXNextvL9hIU5l6ox5HYuKQjGVk7lIqprgJol90+dQXWONV6S1lRWsKA1bXjrow8RsUT14M1hNA==}
    peerDependencies:
      '@aws-sdk/credential-provider-node': '>=3.972.0 <4'
      '@smithy/hash-node': '>=4.3.0 <5'
      '@smithy/signature-v4': '>=5.4.0 <6'
      ws: ^8.18.0
      zod: ^3.25 || ^4.0
    peerDependenciesMeta:
      '@aws-sdk/credential-provider-node':
        optional: true
      '@smithy/hash-node':
        optional: true
      '@smithy/signature-v4':
        optional: true
      ws:
        optional: true
      zod:
        optional: true

  pako@1.0.11:
    resolution: {integrity: sha512-4hLB8Py4zZce5s4yd9XzopqwVv/yGNhV1Bl8NTmCq1763HeK2+EwVTv+leGeL13Dnh2wfbqowVPXCIO0z4taYw==}

  pdf-lib@1.17.1:
    resolution: {integrity: sha512-V/mpyJAoTsN4cnP31vc0wfNA1+p20evqqnap0KLoRUN0Yk/p3wN52DOEsL4oBFcLdb76hlpKPtzJIgo67j/XLw==}

  pdf-parse@2.4.5:
    resolution: {integrity: sha512-mHU89HGh7v+4u2ubfnevJ03lmPgQ5WU4CxAVmTSh/sxVTEDYd1er/dKS/A6vg77NX47KTEoihq8jZBLr8Cxuwg==}
    engines: {node: '>=20.16.0 <21 || >=22.3.0'}
    hasBin: true

  pdf2json@4.0.3:
    resolution: {integrity: sha512-QErPemxRHDI2RUli3+9/mv4V6Ib9VWI+UoP2S82yXEQtoXzWvu9NSjjo3vyiUiVJv+CJFuzNiKUI+UFFUdv8Lg==}
    engines: {node: '>=20.18.0'}
    hasBin: true

  pdfjs-dist@5.4.296:
    resolution: {integrity: sha512-DlOzet0HO7OEnmUmB6wWGJrrdvbyJKftI1bhMitK7O2N8W2gc757yyYBbINy9IDafXAV9wmKr9t7xsTaNKRG5Q==}
    engines: {node: '>=20.16.0 || >=22.3.0'}

  picocolors@1.1.1:
    resolution: {integrity: sha512-xceH2snhtb5M9liqDsmEw56le376mTZkEX/jEb/RxNFyegNul7eNslCXP9FDj/Lcu0X8KEyMceP2ntpaHrDEVA==}

  postcss@8.4.31:
    resolution: {integrity: sha512-PS08Iboia9mts/2ygV3eLpY5ghnUcfLV/EXTOW1E2qYxJKGGBUtNjN76FYHnMs36RmARn41bC0AZmn+rR0OVpQ==}
    engines: {node: ^10 || ^12 || >=14}

  process-nextick-args@2.0.1:
    resolution: {integrity: sha512-3ouUOpQhtgrbOa17J7+uxOTpITYWaGP7/AhoR3+A+/1e9skrzelGi/dXzEYyvbxubEF6Wn2ypscTKiKJFFn1ag==}

  react-dom@19.2.8:
    resolution: {integrity: sha512-rVprimfGBG3DR+Tq0IQG2DT5PxKth1WIGDmj5yPmlzr4YBe7uyE+Du4oVqTDXZSHGGGXRtTJEGSSePyQCMBglQ==}
    peerDependencies:
      react: ^19.2.8

  react@19.2.8:
    resolution: {integrity: sha512-PWaYA1L/q9u2u7xYQi+Y3L3Yfnie7XyLeaJICV1MGD6LprsBxcAqGjYyr0eY3p+QdsA+x/Irkt4Qif8D63+Sbw==}
    engines: {node: '>=0.10.0'}

  readable-stream@2.3.8:
    resolution: {integrity: sha512-8p0AUk4XODgIewSi0l8Epjs+EVnWiK7NoDIEGU0HhE7+ZyY8D1IMY7odu5lRrFXGg71L15KG8QrPmum45RTtdA==}

  safe-buffer@5.1.2:
    resolution: {integrity: sha512-Gd2UZBJDkXlY7GbJxfsE8/nvKkUEU1G38c1siN6QP6a9PT9MmHB8GnpscSmMJSoF8LOIrt8ud/wPtojys4G6+g==}

  scheduler@0.27.0:
    resolution: {integrity: sha512-eNv+WrVbKu1f3vbYJT/xtiF5syA5HPIMtf9IgY/nKg0sWqzAUEvqY/xm7OcZc/qafLx/iO9FgOmeSAp4v5ti/Q==}

  semver@7.8.5:
    resolution: {integrity: sha512-Y7/KDsb8LjooZpwaqGyulO6DQlksgCncchHGk+sZIY4SBvUocMBEFH5Ur1fI4dV+Jvl0w6cjvucaIi40puRioA==}
    engines: {node: '>=10'}
    hasBin: true

  setimmediate@1.0.5:
    resolution: {integrity: sha512-MATJdZp8sLqDl/68LfQmbP8zKPLQNV6BIZoIgrscFDQ+RsvK/BxeDQOgyxKKoh0y/8h3BqVFnCqQ/gd+reiIXA==}

  sharp@0.34.5:
    resolution: {integrity: sha512-Ou9I5Ft9WNcCbXrU9cMgPBcCK8LiwLqcbywW3t4oDV37n1pzpuNLsYiAV8eODnjbtQlSDwZ2cUEeQz4E54Hltg==}
    engines: {node: ^18.17.0 || ^20.3.0 || >=21.0.0}

  source-map-js@1.2.1:
    resolution: {integrity: sha512-UXWMKhLOwVKb728IUtQPXxfYU+usdybtUrK/8uGE8CQMvrhOpwvzDBwj0QhSL7MQc7vIsISBG8VQ8+IDQxpfQA==}
    engines: {node: '>=0.10.0'}

  string_decoder@1.1.1:
    resolution: {integrity: sha512-n/ShnvDi6FHbbVfviro+WojiFzv+s8MPMHBczVePfUpDJLwoLT0ht1l4YwBCbi8pJAveEEdnkHyPyTP/mzRfwg==}

  styled-jsx@5.1.6:
    resolution: {integrity: sha512-qSVyDTeMotdvQYoHWLNGwRFJHC+i+ZvdBRYosOFgC+Wg1vx4frN2/RG/NA7SYqqvKNLf39P2LSRA2pu6n0XYZA==}
    engines: {node: '>= 12.0.0'}
    peerDependencies:
      '@babel/core': '*'
      babel-plugin-macros: '*'
      react: '>= 16.8.0 || 17.x.x || ^18.0.0-0 || ^19.0.0-0'
    peerDependenciesMeta:
      '@babel/core':
        optional: true
      babel-plugin-macros:
        optional: true

  tslib@1.14.1:
    resolution: {integrity: sha512-Xni35NKzjgMrwevysHTCArtLDpPvye8zV/0E4EyYn43P7/7qvQwPh9BGkHewbMulVntbigmcT7rdX3BNo9wRJg==}

  tslib@2.8.1:
    resolution: {integrity: sha512-oJFu94HQb+KVduSUQL7wnpmqnfmLsOA/nAh6b6EH0wCEoK0/mPeXU6c3wKDV83MkOuHPRHtSXKKU99IBazS/2w==}

  typescript@5.9.2:
    resolution: {integrity: sha512-CWBzXQrc/qOkhidw1OzBTQuYRbfyxDXJMVJ1XNwUHGROVmuaeiEm3OslpZ1RV96d7SKKjZKrSJu3+t/xlw3R9A==}
    engines: {node: '>=14.17'}
    hasBin: true

  typescript@5.9.3:
    resolution: {integrity: sha512-jl1vZzPDinLr9eUt3J/t7V6FgNEw9QjvBPdysz9KfQDD41fQrC2Y4vKQdiaUpFT4bXlb1RHhLpp8wtm6M5TgSw==}
    engines: {node: '>=14.17'}
    hasBin: true

  undici-types@6.21.0:
    resolution: {integrity: sha512-iwDZqg0QAGrg9Rav5H4n0M64c3mkR59cJ6wQp+7C4nI0gsmExaedaYLNO44eT4AtBBwjbTiGPMlt2Md0T9H9JQ==}

  util-deprecate@1.0.2:
    resolution: {integrity: sha512-EPD5q1uXyFxJpCrLnCc1nHnq3gOa6DZBocAIiI2TaSCA7VCJ1UJDMagCzIkXNsUYfD1daK//LTEQ8xiIbrHtcw==}

snapshots:

  '@0xsarwagya/ontoly-analyzers@0.1.0-alpha.19':
    dependencies:
      '@0xsarwagya/ontoly-core': 0.1.0-alpha.19

  '@0xsarwagya/ontoly-cache@0.1.0-alpha.19':
    dependencies:
      '@0xsarwagya/ontoly-core': 0.1.0-alpha.19

  '@0xsarwagya/ontoly-capabilities@0.1.0-alpha.19':
    dependencies:
      '@0xsarwagya/ontoly-core': 0.1.0-alpha.19
      '@0xsarwagya/ontoly-query': 0.1.0-alpha.19

  '@0xsarwagya/ontoly-cli@0.1.0-alpha.19':
    dependencies:
      '@0xsarwagya/ontoly-analyzers': 0.1.0-alpha.19
      '@0xsarwagya/ontoly-cache': 0.1.0-alpha.19
      '@0xsarwagya/ontoly-capabilities': 0.1.0-alpha.19
      '@0xsarwagya/ontoly-compiler': 0.1.0-alpha.19
      '@0xsarwagya/ontoly-core': 0.1.0-alpha.19
      '@0xsarwagya/ontoly-enhancer': 0.1.0-alpha.19
      '@0xsarwagya/ontoly-enhancer-semantics': 0.1.0-alpha.19
      '@0xsarwagya/ontoly-intelligence': 0.1.0-alpha.19
      '@0xsarwagya/ontoly-mcp': 0.1.0-alpha.19
      '@0xsarwagya/ontoly-parser-openapi': 0.1.0-alpha.19
      '@0xsarwagya/ontoly-parser-typescript': 0.1.0-alpha.19
      '@0xsarwagya/ontoly-plugin-html': 0.1.0-alpha.19
      '@0xsarwagya/ontoly-query': 0.1.0-alpha.19
      '@0xsarwagya/ontoly-semantic': 0.1.0-alpha.19
      '@0xsarwagya/ontoly-typescript': 0.1.0-alpha.19

  '@0xsarwagya/ontoly-compiler@0.1.0-alpha.19':
    dependencies:
      '@0xsarwagya/ontoly-cache': 0.1.0-alpha.19
      '@0xsarwagya/ontoly-core': 0.1.0-alpha.19
      '@0xsarwagya/ontoly-diagnostics': 0.1.0-alpha.19

  '@0xsarwagya/ontoly-core@0.1.0-alpha.19': {}

  '@0xsarwagya/ontoly-diagnostics@0.1.0-alpha.19':
    dependencies:
      '@0xsarwagya/ontoly-core': 0.1.0-alpha.19

  '@0xsarwagya/ontoly-enhancer-semantics@0.1.0-alpha.19':
    dependencies:
      '@0xsarwagya/ontoly-core': 0.1.0-alpha.19
      '@0xsarwagya/ontoly-enhancer': 0.1.0-alpha.19

  '@0xsarwagya/ontoly-enhancer@0.1.0-alpha.19':
    dependencies:
      '@0xsarwagya/ontoly-core': 0.1.0-alpha.19

  '@0xsarwagya/ontoly-intelligence@0.1.0-alpha.19':
    dependencies:
      '@0xsarwagya/ontoly-core': 0.1.0-alpha.19
      '@0xsarwagya/ontoly-enhancer-semantics': 0.1.0-alpha.19

  '@0xsarwagya/ontoly-mcp@0.1.0-alpha.19':
    dependencies:
      '@0xsarwagya/ontoly-capabilities': 0.1.0-alpha.19
      '@0xsarwagya/ontoly-core': 0.1.0-alpha.19
      '@0xsarwagya/ontoly-intelligence': 0.1.0-alpha.19
      '@0xsarwagya/ontoly-query': 0.1.0-alpha.19

  '@0xsarwagya/ontoly-parser-openapi@0.1.0-alpha.19':
    dependencies:
      '@0xsarwagya/ontoly-compiler': 0.1.0-alpha.19
      '@0xsarwagya/ontoly-core': 0.1.0-alpha.19

  '@0xsarwagya/ontoly-parser-typescript@0.1.0-alpha.19':
    dependencies:
      '@0xsarwagya/ontoly-compiler': 0.1.0-alpha.19
      '@0xsarwagya/ontoly-core': 0.1.0-alpha.19
      '@0xsarwagya/ontoly-semantic': 0.1.0-alpha.19
      '@0xsarwagya/ontoly-typescript': 0.1.0-alpha.19
      typescript: 5.9.2

  '@0xsarwagya/ontoly-plugin-html@0.1.0-alpha.19':
    dependencies:
      '@0xsarwagya/ontoly-core': 0.1.0-alpha.19

  '@0xsarwagya/ontoly-query@0.1.0-alpha.19':
    dependencies:
      '@0xsarwagya/ontoly-core': 0.1.0-alpha.19

  '@0xsarwagya/ontoly-semantic@0.1.0-alpha.19':
    dependencies:
      '@0xsarwagya/ontoly-compiler': 0.1.0-alpha.19
      '@0xsarwagya/ontoly-core': 0.1.0-alpha.19
      '@0xsarwagya/ontoly-typescript': 0.1.0-alpha.19

  '@0xsarwagya/ontoly-typescript@0.1.0-alpha.19':
    dependencies:
      '@0xsarwagya/ontoly-core': 0.1.0-alpha.19
      typescript: 5.9.2

  '@emnapi/runtime@1.11.2':
    dependencies:
      tslib: 2.8.1
    optional: true

  '@img/colour@1.1.0':
    optional: true

  '@img/sharp-darwin-arm64@0.34.5':
    optionalDependencies:
      '@img/sharp-libvips-darwin-arm64': 1.2.4
    optional: true

  '@img/sharp-darwin-x64@0.34.5':
    optionalDependencies:
      '@img/sharp-libvips-darwin-x64': 1.2.4
    optional: true

  '@img/sharp-libvips-darwin-arm64@1.2.4':
    optional: true

  '@img/sharp-libvips-darwin-x64@1.2.4':
    optional: true

  '@img/sharp-libvips-linux-arm64@1.2.4':
    optional: true

  '@img/sharp-libvips-linux-arm@1.2.4':
    optional: true

  '@img/sharp-libvips-linux-ppc64@1.2.4':
    optional: true

  '@img/sharp-libvips-linux-riscv64@1.2.4':
    optional: true

  '@img/sharp-libvips-linux-s390x@1.2.4':
    optional: true

  '@img/sharp-libvips-linux-x64@1.2.4':
    optional: true

  '@img/sharp-libvips-linuxmusl-arm64@1.2.4':
    optional: true

  '@img/sharp-libvips-linuxmusl-x64@1.2.4':
    optional: true

  '@img/sharp-linux-arm64@0.34.5':
    optionalDependencies:
      '@img/sharp-libvips-linux-arm64': 1.2.4
    optional: true

  '@img/sharp-linux-arm@0.34.5':
    optionalDependencies:
      '@img/sharp-libvips-linux-arm': 1.2.4
    optional: true

  '@img/sharp-linux-ppc64@0.34.5':
    optionalDependencies:
      '@img/sharp-libvips-linux-ppc64': 1.2.4
    optional: true

  '@img/sharp-linux-riscv64@0.34.5':
    optionalDependencies:
      '@img/sharp-libvips-linux-riscv64': 1.2.4
    optional: true

  '@img/sharp-linux-s390x@0.34.5':
    optionalDependencies:
      '@img/sharp-libvips-linux-s390x': 1.2.4
    optional: true

  '@img/sharp-linux-x64@0.34.5':
    optionalDependencies:
      '@img/sharp-libvips-linux-x64': 1.2.4
    optional: true

  '@img/sharp-linuxmusl-arm64@0.34.5':
    optionalDependencies:
      '@img/sharp-libvips-linuxmusl-arm64': 1.2.4
    optional: true

  '@img/sharp-linuxmusl-x64@0.34.5':
    optionalDependencies:
      '@img/sharp-libvips-linuxmusl-x64': 1.2.4
    optional: true

  '@img/sharp-wasm32@0.34.5':
    dependencies:
      '@emnapi/runtime': 1.11.2
    optional: true

  '@img/sharp-win32-arm64@0.34.5':
    optional: true

  '@img/sharp-win32-ia32@0.34.5':
    optional: true

  '@img/sharp-win32-x64@0.34.5':
    optional: true

  '@napi-rs/canvas-android-arm64@0.1.80':
    optional: true

  '@napi-rs/canvas-android-arm64@1.0.6':
    optional: true

  '@napi-rs/canvas-darwin-arm64@0.1.80':
    optional: true

  '@napi-rs/canvas-darwin-arm64@1.0.6':
    optional: true

  '@napi-rs/canvas-darwin-x64@0.1.80':
    optional: true

  '@napi-rs/canvas-darwin-x64@1.0.6':
    optional: true

  '@napi-rs/canvas-linux-arm-gnueabihf@0.1.80':
    optional: true

  '@napi-rs/canvas-linux-arm-gnueabihf@1.0.6':
    optional: true

  '@napi-rs/canvas-linux-arm64-gnu@0.1.80':
    optional: true

  '@napi-rs/canvas-linux-arm64-gnu@1.0.6':
    optional: true

  '@napi-rs/canvas-linux-arm64-musl@0.1.80':
    optional: true

  '@napi-rs/canvas-linux-arm64-musl@1.0.6':
    optional: true

  '@napi-rs/canvas-linux-riscv64-gnu@0.1.80':
    optional: true

  '@napi-rs/canvas-linux-riscv64-gnu@1.0.6':
    optional: true

  '@napi-rs/canvas-linux-x64-gnu@0.1.80':
    optional: true

  '@napi-rs/canvas-linux-x64-gnu@1.0.6':
    optional: true

  '@napi-rs/canvas-linux-x64-musl@0.1.80':
    optional: true

  '@napi-rs/canvas-linux-x64-musl@1.0.6':
    optional: true

  '@napi-rs/canvas-win32-arm64-msvc@1.0.6':
    optional: true

  '@napi-rs/canvas-win32-x64-msvc@0.1.80':
    optional: true

  '@napi-rs/canvas-win32-x64-msvc@1.0.6':
    optional: true

  '@napi-rs/canvas@0.1.80':
    optionalDependencies:
      '@napi-rs/canvas-android-arm64': 0.1.80
      '@napi-rs/canvas-darwin-arm64': 0.1.80
      '@napi-rs/canvas-darwin-x64': 0.1.80
      '@napi-rs/canvas-linux-arm-gnueabihf': 0.1.80
      '@napi-rs/canvas-linux-arm64-gnu': 0.1.80
      '@napi-rs/canvas-linux-arm64-musl': 0.1.80
      '@napi-rs/canvas-linux-riscv64-gnu': 0.1.80
      '@napi-rs/canvas-linux-x64-gnu': 0.1.80
      '@napi-rs/canvas-linux-x64-musl': 0.1.80
      '@napi-rs/canvas-win32-x64-msvc': 0.1.80

  '@napi-rs/canvas@1.0.6':
    optionalDependencies:
      '@napi-rs/canvas-android-arm64': 1.0.6
      '@napi-rs/canvas-darwin-arm64': 1.0.6
      '@napi-rs/canvas-darwin-x64': 1.0.6
      '@napi-rs/canvas-linux-arm-gnueabihf': 1.0.6
      '@napi-rs/canvas-linux-arm64-gnu': 1.0.6
      '@napi-rs/canvas-linux-arm64-musl': 1.0.6
      '@napi-rs/canvas-linux-riscv64-gnu': 1.0.6
      '@napi-rs/canvas-linux-x64-gnu': 1.0.6
      '@napi-rs/canvas-linux-x64-musl': 1.0.6
      '@napi-rs/canvas-win32-arm64-msvc': 1.0.6
      '@napi-rs/canvas-win32-x64-msvc': 1.0.6

  '@next/env@15.5.21': {}

  '@next/swc-darwin-arm64@15.5.21':
    optional: true

  '@next/swc-darwin-x64@15.5.21':
    optional: true

  '@next/swc-linux-arm64-gnu@15.5.21':
    optional: true

  '@next/swc-linux-arm64-musl@15.5.21':
    optional: true

  '@next/swc-linux-x64-gnu@15.5.21':
    optional: true

  '@next/swc-linux-x64-musl@15.5.21':
    optional: true

  '@next/swc-win32-arm64-msvc@15.5.21':
    optional: true

  '@next/swc-win32-x64-msvc@15.5.21':
    optional: true

  '@pdf-lib/standard-fonts@1.0.0':
    dependencies:
      pako: 1.0.11

  '@pdf-lib/upng@1.0.1':
    dependencies:
      pako: 1.0.11

  '@supabase/auth-js@2.110.8':
    dependencies:
      tslib: 2.8.1

  '@supabase/functions-js@2.110.8':
    dependencies:
      tslib: 2.8.1

  '@supabase/phoenix@0.4.5': {}

  '@supabase/postgrest-js@2.110.8':
    dependencies:
      tslib: 2.8.1

  '@supabase/realtime-js@2.110.8':
    dependencies:
      '@supabase/phoenix': 0.4.5
      tslib: 2.8.1

  '@supabase/storage-js@2.110.8':
    dependencies:
      iceberg-js: 0.8.1
      tslib: 2.8.1

  '@supabase/supabase-js@2.110.8':
    dependencies:
      '@supabase/auth-js': 2.110.8
      '@supabase/functions-js': 2.110.8
      '@supabase/postgrest-js': 2.110.8
      '@supabase/realtime-js': 2.110.8
      '@supabase/storage-js': 2.110.8

  '@swc/helpers@0.5.15':
    dependencies:
      tslib: 2.8.1

  '@types/katex@0.16.8': {}

  '@types/node@22.20.1':
    dependencies:
      undici-types: 6.21.0

  '@types/react-dom@19.2.3(@types/react@19.2.17)':
    dependencies:
      '@types/react': 19.2.17

  '@types/react@19.2.17':
    dependencies:
      csstype: 3.2.3

  caniuse-lite@1.0.30001806: {}

  client-only@0.0.1: {}

  commander@8.3.0: {}

  core-util-is@1.0.3: {}

  csstype@3.2.3: {}

  detect-libc@2.1.2:
    optional: true

  iceberg-js@0.8.1: {}

  immediate@3.0.6: {}

  inherits@2.0.4: {}

  isarray@1.0.0: {}

  jszip@3.10.1:
    dependencies:
      lie: 3.3.0
      pako: 1.0.11
      readable-stream: 2.3.8
      setimmediate: 1.0.5

  katex@0.17.0:
    dependencies:
      commander: 8.3.0

  lie@3.3.0:
    dependencies:
      immediate: 3.0.6

  lucide-react@1.26.0(react@19.2.8):
    dependencies:
      react: 19.2.8

  nanoid@3.3.16: {}

  next@15.5.21(react-dom@19.2.8(react@19.2.8))(react@19.2.8):
    dependencies:
      '@next/env': 15.5.21
      '@swc/helpers': 0.5.15
      caniuse-lite: 1.0.30001806
      postcss: 8.4.31
      react: 19.2.8
      react-dom: 19.2.8(react@19.2.8)
      styled-jsx: 5.1.6(react@19.2.8)
    optionalDependencies:
      '@next/swc-darwin-arm64': 15.5.21
      '@next/swc-darwin-x64': 15.5.21
      '@next/swc-linux-arm64-gnu': 15.5.21
      '@next/swc-linux-arm64-musl': 15.5.21
      '@next/swc-linux-x64-gnu': 15.5.21
      '@next/swc-linux-x64-musl': 15.5.21
      '@next/swc-win32-arm64-msvc': 15.5.21
      '@next/swc-win32-x64-msvc': 15.5.21
      sharp: 0.34.5
    transitivePeerDependencies:
      - '@babel/core'
      - babel-plugin-macros

  openai@6.48.0: {}

  pako@1.0.11: {}

  pdf-lib@1.17.1:
    dependencies:
      '@pdf-lib/standard-fonts': 1.0.0
      '@pdf-lib/upng': 1.0.1
      pako: 1.0.11
      tslib: 1.14.1

  pdf-parse@2.4.5:
    dependencies:
      '@napi-rs/canvas': 0.1.80
      pdfjs-dist: 5.4.296

  pdf2json@4.0.3: {}

  pdfjs-dist@5.4.296:
    optionalDependencies:
      '@napi-rs/canvas': 0.1.80

  picocolors@1.1.1: {}

  postcss@8.4.31:
    dependencies:
      nanoid: 3.3.16
      picocolors: 1.1.1
      source-map-js: 1.2.1

  process-nextick-args@2.0.1: {}

  react-dom@19.2.8(react@19.2.8):
    dependencies:
      react: 19.2.8
      scheduler: 0.27.0

  react@19.2.8: {}

  readable-stream@2.3.8:
    dependencies:
      core-util-is: 1.0.3
      inherits: 2.0.4
      isarray: 1.0.0
      process-nextick-args: 2.0.1
      safe-buffer: 5.1.2
      string_decoder: 1.1.1
      util-deprecate: 1.0.2

  safe-buffer@5.1.2: {}

  scheduler@0.27.0: {}

  semver@7.8.5:
    optional: true

  setimmediate@1.0.5: {}

  sharp@0.34.5:
    dependencies:
      '@img/colour': 1.1.0
      detect-libc: 2.1.2
      semver: 7.8.5
    optionalDependencies:
      '@img/sharp-darwin-arm64': 0.34.5
      '@img/sharp-darwin-x64': 0.34.5
      '@img/sharp-libvips-darwin-arm64': 1.2.4
      '@img/sharp-libvips-darwin-x64': 1.2.4
      '@img/sharp-libvips-linux-arm': 1.2.4
      '@img/sharp-libvips-linux-arm64': 1.2.4
      '@img/sharp-libvips-linux-ppc64': 1.2.4
      '@img/sharp-libvips-linux-riscv64': 1.2.4
      '@img/sharp-libvips-linux-s390x': 1.2.4
      '@img/sharp-libvips-linux-x64': 1.2.4
      '@img/sharp-libvips-linuxmusl-arm64': 1.2.4
      '@img/sharp-libvips-linuxmusl-x64': 1.2.4
      '@img/sharp-linux-arm': 0.34.5
      '@img/sharp-linux-arm64': 0.34.5
      '@img/sharp-linux-ppc64': 0.34.5
      '@img/sharp-linux-riscv64': 0.34.5
      '@img/sharp-linux-s390x': 0.34.5
      '@img/sharp-linux-x64': 0.34.5
      '@img/sharp-linuxmusl-arm64': 0.34.5
      '@img/sharp-linuxmusl-x64': 0.34.5
      '@img/sharp-wasm32': 0.34.5
      '@img/sharp-win32-arm64': 0.34.5
      '@img/sharp-win32-ia32': 0.34.5
      '@img/sharp-win32-x64': 0.34.5
    optional: true

  source-map-js@1.2.1: {}

  string_decoder@1.1.1:
    dependencies:
      safe-buffer: 5.1.2

  styled-jsx@5.1.6(react@19.2.8):
    dependencies:
      client-only: 0.0.1
      react: 19.2.8

  tslib@1.14.1: {}

  tslib@2.8.1: {}

  typescript@5.9.2: {}

  typescript@5.9.3: {}

  undici-types@6.21.0: {}

  util-deprecate@1.0.2: {}
